
Microsoft Visual Studio Solution File, Format Version 12.00
# Visual Studio Version 16
VisualStudioVersion = 16.0.30503.244
MinimumVisualStudioVersion = 10.0.40219.1
Project("{8BC9CEB8-8B4A-11D0-8D11-00A0C91BC942}") = "LOL", "LOL.vcxproj", "{F821B329-F325-4F1D-8451-83175C917C3E}"
EndProject
Global
	GlobalSection(SolutionConfigurationPlatforms) = preSolution
		Debug|x64 = Debug|x64
		Debug|x86 = Debug|x86
		Release|x64 = Release|x64
		Release|x86 = Release|x86
	EndGlobalSection
	GlobalSection(ProjectConfigurationPlatforms) = postSolution
		{F821B329-F325-4F1D-8451-83175C917C3E}.Debug|x64.ActiveCfg = Debug|x64
		{F821B329-F325-4F1D-8451-83175C917C3E}.Debug|x64.Build.0 = Debug|x64
		{F821B329-F325-4F1D-8451-83175C917C3E}.Debug|x86.ActiveCfg = Debug|Win32
		{F821B329-F325-4F1D-8451-83175C917C3E}.Debug|x86.Build.0 = Debug|Win32
		{F821B329-F325-4F1D-8451-83175C917C3E}.Release|x64.ActiveCfg = Release|x64
		{F821B329-F325-4F1D-8451-83175C917C3E}.Release|x64.Build.0 = Release|x64
		{F821B329-F325-4F1D-8451-83175C917C3E}.Release|x86.ActiveCfg = Release|Win32
		{F821B329-F325-4F1D-8451-83175C917C3E}.Release|x86.Build.0 = Release|Win32
	EndGlobalSection
	GlobalSection(SolutionProperties) = preSolution
		HideSolutionNode = FALSE
	EndGlobalSection
	GlobalSection(ExtensibilityGlobals) = postSolution
		SolutionGuid = {2728C8DB-F15D-459A-8244-1A37AFE50234}
	EndGlobalSection
EndGlobal
